// !$*UTF8*$!
{
	archiveVersion = 1;
	classes = {
	};
	objectVersion = 50;
	objects = {

/* Begin PBXBuildFile section */
		798E84A2251A510000F81766 /* AppDelegate.swift in Sources */ = {isa = PBXBuildFile; fileRef = 798E84A1251A510000F81766 /* AppDelegate.swift */; };
		798E84A4251A510000F81766 /* SceneDelegate.swift in Sources */ = {isa = PBXBuildFile; fileRef = 798E84A3251A510000F81766 /* SceneDelegate.swift */; };
		798E84A6251A510000F81766 /* ViewController.swift in Sources */ = {isa = PBXBuildFile; fileRef = 798E84A5251A510000F81766 /* ViewController.swift */; };
		798E84A9251A510000F81766 /* Main.storyboard in Resources */ = {isa = PBXBuildFile; fileRef = 798E84A7251A510000F81766 /* Main.storyboard */; };
		798E84AB251A510000F81766 /* Assets.xcassets in Resources */ = {isa = PBXBuildFile; fileRef = 798E84AA251A510000F81766 /* Assets.xcassets */; };
		798E84AE251A510000F81766 /* LaunchScreen.storyboard in Resources */ = {isa = PBXBuildFile; fileRef = 798E84AC251A510000F81766 /* LaunchScreen.storyboard */; };
		F51B3BDCDBC287478849B77A /* Pods_TestAppCenter.framework in Frameworks */ = {isa = PBXBuildFile; fileRef = 70E96673775335CAF6A1EC7D /* Pods_TestAppCenter.framework */; };
/* End PBXBuildFile section */

/* Begin PBXFileReference section */
		70E96673775335CAF6A1EC7D /* Pods_TestAppCenter.framework */ = {isa = PBXFileReference; explicitFileType = wrapper.framework; includeInIndex = 0; path = Pods_TestAppCenter.framework; sourceTree = BUILT_PRODUCTS_DIR; };
		798E849E251A510000F81766 /* TestAppCenter.app */ = {isa = PBXFileReference; explicitFileType = wrapper.application; includeInIndex = 0; path = TestAppCenter.app; sourceTree = BUILT_PRODUCTS_DIR; };
		798E84A1251A510000F81766 /* AppDelegate.swift */ = {isa = PBXFileReference; lastKnownFileType = sourcecode.swift; path = AppDelegate.swift; sourceTree = "<group>"; };
		798E84A3251A510000F81766 /* SceneDelegate.swift */ = {isa = PBXFileReference; lastKnownFileType = sourcecode.swift; path = SceneDelegate.swift; sourceTree = "<group>"; };
		798E84A5251A510000F81766 /* ViewController.swift */ = {isa = PBXFileReference; lastKnownFileType = sourcecode.swift; path = ViewController.swift; sourceTree = "<group>"; };
		798E84A8251A510000F81766 /* Base */ = {isa = PBXFileReference; lastKnownFileType = file.storyboard; name = Base; path = Base.lproj/Main.storyboard; sourceTree = "<group>"; };
		798E84AA251A510000F81766 /* Assets.xcassets */ = {isa = PBXFileReference; lastKnownFileType = folder.assetcatalog; path = Assets.xcassets; sourceTree = "<group>"; };
		798E84AD251A510000F81766 /* Base */ = {isa = PBXFileReference; lastKnownFileType = file.storyboard; name = Base; path = Base.lproj/LaunchScreen.storyboard; sourceTree = "<group>"; };
		798E84AF251A510000F81766 /* Info.plist */ = {isa = PBXFileReference; lastKnownFileType = text.plist.xml; path = Info.plist; sourceTree = "<group>"; };
		CE44DEA91E0643BFE8CA57E1 /* Pods-TestAppCenter.release.xcconfig */ = {isa = PBXFileReference; includeInIndex = 1; lastKnownFileType = text.xcconfig; name = "Pods-TestAppCenter.release.xcconfig"; path = "Target Support Files/Pods-TestAppCenter/Pods-TestAppCenter.release.xcconfig"; sourceTree = "<group>"; };
		D34D038E6B7872D08A793C07 /* Pods-TestAppCenter.debug.xcconfig */ = {isa = PBXFileReference; includeInIndex = 1; lastKnownFileType = text.xcconfig; name = "Pods-TestAppCenter.debug.xcconfig"; path = "Target Support Files/Pods-TestAppCenter/Pods-TestAppCenter.debug.xcconfig"; sourceTree = "<group>"; };
/* End PBXFileReference section */

/* Begin PBXFrameworksBuildPhase section */
		798E849B251A510000F81766 /* Frameworks */ = {
			isa = PBXFrameworksBuildPhase;
			buildActionMask = 2147483647;
			files = (
				F51B3BDCDBC287478849B77A /* Pods_TestAppCenter.framework in Frameworks */,
			);
			runOnlyForDeploymentPostprocessing = 0;
		};
/* End PBXFrameworksBuildPhase section */

/* Begin PBXGroup section */
		798E8495251A510000F81766 = {
			isa = PBXGroup;
			children = (
				798E84A0251A510000F81766 /* TestAppCenter */,
				798E849F251A510000F81766 /* Products */,
				D08AA44B459D832C948D0949 /* Pods */,
				A7D78902670A0B5EE3EC52E0 /* Frameworks */,
			);
			sourceTree = "<group>";
		};
		798E849F251A510000F81766 /* Products */ = {
			isa = PBXGroup;
			children = (
				798E849E251A510000F81766 /* TestAppCenter.app */,
			);
			name = Products;
			sourceTree = "<group>";
		};
		798E84A0251A510000F81766 /* TestAppCenter */ = {
			isa = PBXGroup;
			children = (
				798E84A1251A510000F81766 /* AppDelegate.swift */,
				798E84A3251A510000F81766 /* SceneDelegate.swift */,
				798E84A5251A510000F81766 /* ViewController.swift */,
				798E84A7251A510000F81766 /* Main.storyboard */,
				798E84AA251A510000F81766 /* Assets.xcassets */,
				798E84AC251A510000F81766 /* LaunchScreen.storyboard */,
				798E84AF251A510000F81766 /* Info.plist */,
			);
			path = TestAppCenter;
			sourceTree = "<group>";
		};
		A7D78902670A0B5EE3EC52E0 /* Frameworks */ = {
			isa = PBXGroup;
			children = (
				70E96673775335CAF6A1EC7D /* Pods_TestAppCenter.framework */,
			);
			name = Frameworks;
			sourceTree = "<group>";
		};
		D08AA44B459D832C948D0949 /* Pods */ = {
			isa = PBXGroup;
			children = (
				D34D038E6B7872D08A793C07 /* Pods-TestAppCenter.debug.xcconfig */,
				CE44DEA91E0643BFE8CA57E1 /* Pods-TestAppCenter.release.xcconfig */,
			);
			name = Pods;
			path = Pods;
			sourceTree = "<group>";
		};
/* End PBXGroup section */

/* Begin PBXNativeTarget section */
		798E849D251A510000F81766 /* TestAppCenter */ = {
			isa = PBXNativeTarget;
			buildConfigurationList = 798E84B2251A510000F81766 /* Build configuration list for PBXNativeTarget "TestAppCenter" */;
			buildPhases = (
				633748E56C5DE4635072D33A /* [CP] Check Pods Manifest.lock */,
				798E849A251A510000F81766 /* Sources */,
				798E849B251A510000F81766 /* Frameworks */,
				798E849C251A510000F81766 /* Resources */,
			);
			buildRules = (
			);
			dependencies = (
			);
			name = TestAppCenter;
			productName = TestAppCenter;
			productReference = 798E849E251A510000F81766 /* TestAppCenter.app */;
			productType = "com.apple.product-type.application";
		};
/* End PBXNativeTarget section */

/* Begin PBXProject section */
		798E8496251A510000F81766 /* Project object */ = {
			isa = PBXProject;
			attributes = {
				LastSwiftUpdateCheck = 1130;
				LastUpgradeCheck = 1130;
				ORGANIZATIONNAME = "McGuinness, Steve";
				TargetAttributes = {
					798E849D251A510000F81766 = {
						CreatedOnToolsVersion = 11.3.1;
					};
				};
			};
			buildConfigurationList = 798E8499251A510000F81766 /* Build configuration list for PBXProject "TestAppCenter" */;
			compatibilityVersion = "Xcode 9.3";
			developmentRegion = en;
			hasScannedForEncodings = 0;
			knownRegions = (
				en,
				Base,
			);
			mainGroup = 798E8495251A510000F81766;
			productRefGroup = 798E849F251A510000F81766 /* Products */;
			projectDirPath = "";
			projectRoot = "";
			targets = (
				798E849D251A510000F81766 /* TestAppCenter */,
			);
		};
/* End PBXProject section */

/* Begin PBXResourcesBuildPhase section */
		798E849C251A510000F81766 /* Resources */ = {
			isa = PBXResourcesBuildPhase;
			buildActionMask = 2147483647;
			files = (
				798E84AE251A510000F81766 /* LaunchScreen.storyboard in Resources */,
				798E84AB251A510000F81766 /* Assets.xcassets in Resources */,
				798E84A9251A510000F81766 /* Main.storyboard in Resources */,
			);
			runOnlyForDeploymentPostprocessing = 0;
		};
/* End PBXResourcesBuildPhase section */

/* Begin PBXShellScriptBuildPhase section */
		633748E56C5DE4635072D33A /* [CP] Check Pods Manifest.lock */ = {
			isa = PBXShellScriptBuildPhase;
			buildActionMask = 2147483647;
			files = (
			);
			inputFileListPaths = (
			);
			inputPaths = (
				"${PODS_PODFILE_DIR_PATH}/Podfile.lock",
				"${PODS_ROOT}/Manifest.lock",
			);
			name = "[CP] Check Pods Manifest.lock";
			outputFileListPaths = (
			);
			outputPaths = (
				"$(DERIVED_FILE_DIR)/Pods-TestAppCenter-checkManifestLockResult.txt",
			);
			runOnlyForDeploymentPostprocessing = 0;
			shellPath = /bin/sh;
			shellScript = "diff \"${PODS_PODFILE_DIR_PATH}/Podfile.lock\" \"${PODS_ROOT}/Manifest.lock\" > /dev/null\nif [ $? != 0 ] ; then\n    # print error to STDERR\n    echo \"error: The sandbox is not in sync with the Podfile.lock. Run 'pod install' or update your CocoaPods installation.\" >&2\n    exit 1\nfi\n# This output is used by Xcode 'outputs' to avoid re-running this script phase.\necho \"SUCCESS\" > \"${SCRIPT_OUTPUT_FILE_0}\"\n";
			showEnvVarsInLog = 0;
		};
/* End PBXShellScriptBuildPhase section */

/* Begin PBXSourcesBuildPhase section */
		798E849A251A510000F81766 /* Sources */ = {
			isa = PBXSourcesBuildPhase;
			buildActionMask = 2147483647;
			files = (
				798E84A6251A510000F81766 /* ViewController.swift in Sources */,
				798E84A2251A510000F81766 /* AppDelegate.swift in Sources */,
				798E84A4251A510000F81766 /* SceneDelegate.swift in Sources */,
			);
			runOnlyForDeploymentPostprocessing = 0;
		};
/* End PBXSourcesBuildPhase section */

/* Begin PBXVariantGroup section */
		798E84A7251A510000F81766 /* Main.storyboard */ = {
			isa = PBXVariantGroup;
			children = (
				798E84A8251A510000F81766 /* Base */,
			);
			name = Main.storyboard;
			sourceTree = "<group>";
		};
		798E84AC251A510000F81766 /* LaunchScreen.storyboard */ = {
			isa = PBXVariantGroup;
			children = (
				798E84AD251A510000F81766 /* Base */,
			);
			name = LaunchScreen.storyboard;
			sourceTree = "<group>";
		};
/* End PBXVariantGroup section */

/* Begin XCBuildConfiguration section */
		798E84B0251A510000F81766 /* Debug */ = {
			isa = XCBuildConfiguration;
			buildSettings = {
				ALWAYS_SEARCH_USER_PATHS = NO;
				CLANG_ANALYZER_NONNULL = YES;
				CLANG_ANALYZER_NUMBER_OBJECT_CONVERSION = YES_AGGRESSIVE;
				CLANG_CXX_LANGUAGE_STANDARD = "gnu++14";
				CLANG_CXX_LIBRARY = "libc++";
				CLANG_ENABLE_MODULES = YES;
				CLANG_ENABLE_OBJC_ARC = YES;
				CLANG_ENABLE_OBJC_WEAK = YES;
				CLANG_WARN_BLOCK_CAPTURE_AUTORELEASING = YES;
				CLANG_WARN_BOOL_CONVERSION = YES;
				CLANG_WARN_COMMA = YES;
				CLANG_WARN_CONSTANT_CONVERSION = YES;
				CLANG_WARN_DEPRECATED_OBJC_IMPLEMENTATIONS = YES;
				CLANG_WARN_DIRECT_OBJC_ISA_USAGE = YES_ERROR;
				CLANG_WARN_DOCUMENTATION_COMMENTS = YES;
				CLANG_WARN_EMPTY_BODY = YES;
				CLANG_WARN_ENUM_CONVERSION = YES;
				CLANG_WARN_INFINITE_RECURSION = YES;
				CLANG_WARN_INT_CONVERSION = YES;
				CLANG_WARN_NON_LITERAL_NULL_CONVERSION = YES;
				CLANG_WARN_OBJC_IMPLICIT_RETAIN_SELF = YES;
				CLANG_WARN_OBJC_LITERAL_CONVERSION = YES;
				CLANG_WARN_OBJC_ROOT_CLASS = YES_ERROR;
				CLANG_WARN_RANGE_LOOP_ANALYSIS = YES;
				CLANG_WARN_STRICT_PROTOTYPES = YES;
				CLANG_WARN_SUSPICIOUS_MOVE = YES;
				CLANG_WARN_UNGUARDED_AVAILABILITY = YES_AGGRESSIVE;
				CLANG_WARN_UNREACHABLE_CODE = YES;
				CLANG_WARN__DUPLICATE_METHOD_MATCH = YES;
				COPY_PHASE_STRIP = NO;
				DEBUG_INFORMATION_FORMAT = dwarf;
				ENABLE_STRICT_OBJC_MSGSEND = YES;
				ENABLE_TESTABILITY = YES;
				GCC_C_LANGUAGE_STANDARD = gnu11;
				GCC_DYNAMIC_NO_PIC = NO;
				GCC_NO_COMMON_BLOCKS = YES;
				GCC_OPTIMIZATION_LEVEL = 0;
				GCC_PREPROCESSOR_DEFINITIONS = (
					"DEBUG=1",
					"$(inherited)",
				);
				GCC_WARN_64_TO_32_BIT_CONVERSION = YES;
				GCC_WARN_ABOUT_RETURN_TYPE = YES_ERROR;
				GCC_WARN_UNDECLARED_SELECTOR = YES;
				GCC_WARN_UNINITIALIZED_AUTOS = YES_AGGRESSIVE;
				GCC_WARN_UNUSED_FUNCTION = YES;
				GCC_WARN_UNUSED_VARIABLE = YES;
				IPHONEOS_DEPLOYMENT_TARGET = 13.2;
				MTL_ENABLE_DEBUG_INFO = INCLUDE_SOURCE;
				MTL_FAST_MATH = YES;
				ONLY_ACTIVE_ARCH = YES;
				SDKROOT = iphoneos;
				SWIFT_ACTIVE_COMPILATION_CONDITIONS = DEBUG;
				SWIFT_OPTIMIZATION_LEVEL = "-Onone";
			};
			name = Debug;
		};
		798E84B1251A510000F81766 /* Release */ = {
			isa = XCBuildConfiguration;
			buildSettings = {
				ALWAYS_SEARCH_USER_PATHS = NO;
				CLANG_ANALYZER_NONNULL = YES;
				CLANG_ANALYZER_NUMBER_OBJECT_CONVERSION = YES_AGGRESSIVE;
				CLANG_CXX_LANGUAGE_STANDARD = "gnu++14";
				CLANG_CXX_LIBRARY = "libc++";
				CLANG_ENABLE_MODULES = YES;
				CLANG_ENABLE_OBJC_ARC = YES;
				CLANG_ENABLE_OBJC_WEAK = YES;
				CLANG_WARN_BLOCK_CAPTURE_AUTORELEASING = YES;
				CLANG_WARN_BOOL_CONVERSION = YES;
				CLANG_WARN_COMMA = YES;
				CLANG_WARN_CONSTANT_CONVERSION = YES;
				CLANG_WARN_DEPRECATED_OBJC_IMPLEMENTATIONS = YES;
				CLANG_WARN_DIRECT_OBJC_ISA_USAGE = YES_ERROR;
				CLANG_WARN_DOCUMENTATION_COMMENTS = YES;
				CLANG_WARN_EMPTY_BODY = YES;
				CLANG_WARN_ENUM_CONVERSION = YES;
				CLANG_WARN_INFINITE_RECURSION = YES;
				CLANG_WARN_INT_CONVERSION = YES;
				CLANG_WARN_NON_LITERAL_NULL_CONVERSION = YES;
				CLANG_WARN_OBJC_IMPLICIT_RETAIN_SELF = YES;
				CLANG_WARN_OBJC_LITERAL_CONVERSION = YES;
				CLANG_WARN_OBJC_ROOT_CLASS = YES_ERROR;
				CLANG_WARN_RANGE_LOOP_ANALYSIS = YES;
				CLANG_WARN_STRICT_PROTOTYPES = YES;
				CLANG_WARN_SUSPICIOUS_MOVE = YES;
				CLANG_WARN_UNGUARDED_AVAILABILITY = YES_AGGRESSIVE;
				CLANG_WARN_UNREACHABLE_CODE = YES;
				CLANG_WARN__DUPLICATE_METHOD_MATCH = YES;
				COPY_PHASE_STRIP = NO;
				DEBUG_INFORMATION_FORMAT = "dwarf-with-dsym";
				ENABLE_NS_ASSERTIONS = NO;
				ENABLE_STRICT_OBJC_MSGSEND = YES;
				GCC_C_LANGUAGE_STANDARD = gnu11;
				GCC_NO_COMMON_BLOCKS = YES;
				GCC_WARN_64_TO_32_BIT_CONVERSION = YES;
				GCC_WARN_ABOUT_RETURN_TYPE = YES_ERROR;
				GCC_WARN_UNDECLARED_SELECTOR = YES;
				GCC_WARN_UNINITIALIZED_AUTOS = YES_AGGRESSIVE;
				GCC_WARN_UNUSED_FUNCTION = YES;
				GCC_WARN_UNUSED_VARIABLE = YES;
				IPHONEOS_DEPLOYMENT_TARGET = 13.2;
				MTL_ENABLE_DEBUG_INFO = NO;
				MTL_FAST_MATH = YES;
				SDKROOT = iphoneos;
				SWIFT_COMPILATION_MODE = wholemodule;
				SWIFT_OPTIMIZATION_LEVEL = "-O";
				VALIDATE_PRODUCT = YES;
			};
			name = Release;
		};
		798E84B3251A510000F81766 /* Debug */ = {
			isa = XCBuildConfiguration;
			baseConfigurationReference = D34D038E6B7872D08A793C07 /* Pods-TestAppCenter.debug.xcconfig */;
			buildSettings = {
				ASSETCATALOG_COMPILER_APPICON_NAME = AppIcon;
				CODE_SIGN_STYLE = Automatic;
				DEVELOPMENT_TEAM = 9536EF2R8E;
				INFOPLIST_FILE = TestAppCenter/Info.plist;
				LD_RUNPATH_SEARCH_PATHS = (
					"$(inherited)",
					"@executable_path/Frameworks",
				);
				PRODUCT_BUNDLE_IDENTIFIER = "Citizens-Bank.TestAppCenter";
				PRODUCT_NAME = "$(TARGET_NAME)";
				SWIFT_VERSION = 5.0;
				TARGETED_DEVICE_FAMILY = "1,2";
			};
			name = Debug;
		};
		798E84B4251A510000F81766 /* Release */ = {
			isa = XCBuildConfiguration;
			baseConfigurationReference = CE44DEA91E0643BFE8CA57E1 /* Pods-TestAppCenter.release.xcconfig */;
			buildSettings = {
				ASSETCATALOG_COMPILER_APPICON_NAME = AppIcon;
				CODE_SIGN_STYLE = Automatic;
				DEVELOPMENT_TEAM = 9536EF2R8E;
				INFOPLIST_FILE = TestAppCenter/Info.plist;
				LD_RUNPATH_SEARCH_PATHS = (
					"$(inherited)",
					"@executable_path/Frameworks",
				);
				PRODUCT_BUNDLE_IDENTIFIER = "Citizens-Bank.TestAppCenter";
				PRODUCT_NAME = "$(TARGET_NAME)";
				SWIFT_VERSION = 5.0;
				TARGETED_DEVICE_FAMILY = "1,2";
			};
			name = Release;
		};
/* End XCBuildConfiguration section */

/* Begin XCConfigurationList section */
		798E8499251A510000F81766 /* Build configuration list for PBXProject "TestAppCenter" */ = {
			isa = XCConfigurationList;
			buildConfigurations = (
				798E84B0251A510000F81766 /* Debug */,
				798E84B1251A510000F81766 /* Release */,
			);
			defaultConfigurationIsVisible = 0;
			defaultConfigurationName = Release;
		};
		798E84B2251A510000F81766 /* Build configuration list for PBXNativeTarget "TestAppCenter" */ = {
			isa = XCConfigurationList;
			buildConfigurations = (
				798E84B3251A510000F81766 /* Debug */,
				798E84B4251A510000F81766 /* Release */,
			);
			defaultConfigurationIsVisible = 0;
			defaultConfigurationName = Release;
		};
/* End XCConfigurationList section */
	};
	rootObject = 798E8496251A510000F81766 /* Project object */;
}
